{
  "requires": true,
  "lockfileVersion": 1,
  "dependencies": {
    "angularjs-datetime-picker": {
      "version": "0.1.16",
      "resolved": "https://registry.npmjs.org/angularjs-datetime-picker/-/angularjs-datetime-picker-0.1.16.tgz",
      "integrity": "sha1-2bpZK5V/LZuklzgj44r0LZoV5S0="
    }
  }
}
